// !$*UTF8*$!
{
	archiveVersion = 1;
	classes = {
	};
	objectVersion = 48;
	objects = {

/* Begin PBXBuildFile section */
		BFAAA04821894E1200FD1074 /* AppDelegate.m in Sources */ = {isa = PBXBuildFile; fileRef = BFAAA04721894E1200FD1074 /* AppDelegate.m */; };
		BFAAA04B21894E1200FD1074 /* ViewController.m in Sources */ = {isa = PBXBuildFile; fileRef = BFAAA04A21894E1200FD1074 /* ViewController.m */; };
		BFAAA04E21894E1200FD1074 /* Main.storyboard in Resources */ = {isa = PBXBuildFile; fileRef = BFAAA04C21894E1200FD1074 /* Main.storyboard */; };
		BFAAA05021894E1200FD1074 /* Assets.xcassets in Resources */ = {isa = PBXBuildFile; fileRef = BFAAA04F21894E1200FD1074 /* Assets.xcassets */; };
		BFAAA05321894E1200FD1074 /* LaunchScreen.storyboard in Resources */ = {isa = PBXBuildFile; fileRef = BFAAA05121894E1200FD1074 /* LaunchScreen.storyboard */; };
		BFAAA05621894E1200FD1074 /* main.m in Sources */ = {isa = PBXBuildFile; fileRef = BFAAA05521894E1200FD1074 /* main.m */; };
		BFAAA06021894E1200FD1074 /* AnimationDemoTests.m in Sources */ = {isa = PBXBuildFile; fileRef = BFAAA05F21894E1200FD1074 /* AnimationDemoTests.m */; };
		BFAAA06B21894E1200FD1074 /* AnimationDemoUITests.m in Sources */ = {isa = PBXBuildFile; fileRef = BFAAA06A21894E1200FD1074 /* AnimationDemoUITests.m */; };
/* End PBXBuildFile section */

/* Begin PBXContainerItemProxy section */
		BFAAA05C21894E1200FD1074 /* PBXContainerItemProxy */ = {
			isa = PBXContainerItemProxy;
			containerPortal = BFAAA03B21894E1200FD1074 /* Project object */;
			proxyType = 1;
			remoteGlobalIDString = BFAAA04221894E1200FD1074;
			remoteInfo = AnimationDemo;
		};
		BFAAA06721894E1200FD1074 /* PBXContainerItemProxy */ = {
			isa = PBXContainerItemProxy;
			containerPortal = BFAAA03B21894E1200FD1074 /* Project object */;
			proxyType = 1;
			remoteGlobalIDString = BFAAA04221894E1200FD1074;
			remoteInfo = AnimationDemo;
		};
/* End PBXContainerItemProxy section */

/* Begin PBXFileReference section */
		BFAAA04321894E1200FD1074 /* AnimationDemo.app */ = {isa = PBXFileReference; explicitFileType = wrapper.application; includeInIndex = 0; path = AnimationDemo.app; sourceTree = BUILT_PRODUCTS_DIR; };
		BFAAA04621894E1200FD1074 /* AppDelegate.h */ = {isa = PBXFileReference; lastKnownFileType = sourcecode.c.h; path = AppDelegate.h; sourceTree = "<group>"; };
		BFAAA04721894E1200FD1074 /* AppDelegate.m */ = {isa = PBXFileReference; lastKnownFileType = sourcecode.c.objc; path = AppDelegate.m; sourceTree = "<group>"; };
		BFAAA04921894E1200FD1074 /* ViewController.h */ = {isa = PBXFileReference; lastKnownFileType = sourcecode.c.h; path = ViewController.h; sourceTree = "<group>"; };
		BFAAA04A21894E1200FD1074 /* ViewController.m */ = {isa = PBXFileReference; lastKnownFileType = sourcecode.c.objc; path = ViewController.m; sourceTree = "<group>"; };
		BFAAA04D21894E1200FD1074 /* Base */ = {isa = PBXFileReference; lastKnownFileType = file.storyboard; name = Base; path = Base.lproj/Main.storyboard; sourceTree = "<group>"; };
		BFAAA04F21894E1200FD1074 /* Assets.xcassets */ = {isa = PBXFileReference; lastKnownFileType = folder.assetcatalog; path = Assets.xcassets; sourceTree = "<group>"; };
		BFAAA05221894E1200FD1074 /* Base */ = {isa = PBXFileReference; lastKnownFileType = file.storyboard; name = Base; path = Base.lproj/LaunchScreen.storyboard; sourceTree = "<group>"; };
		BFAAA05421894E1200FD1074 /* Info.plist */ = {isa = PBXFileReference; lastKnownFileType = text.plist.xml; path = Info.plist; sourceTree = "<group>"; };
		BFAAA05521894E1200FD1074 /* main.m */ = {isa = PBXFileReference; lastKnownFileType = sourcecode.c.objc; path = main.m; sourceTree = "<group>"; };
		BFAAA05B21894E1200FD1074 /* AnimationDemoTests.xctest */ = {isa = PBXFileReference; explicitFileType = wrapper.cfbundle; includeInIndex = 0; path = AnimationDemoTests.xctest; sourceTree = BUILT_PRODUCTS_DIR; };
		BFAAA05F21894E1200FD1074 /* AnimationDemoTests.m */ = {isa = PBXFileReference; lastKnownFileType = sourcecode.c.objc; path = AnimationDemoTests.m; sourceTree = "<group>"; };
		BFAAA06121894E1200FD1074 /* Info.plist */ = {isa = PBXFileReference; lastKnownFileType = text.plist.xml; path = Info.plist; sourceTree = "<group>"; };
		BFAAA06621894E1200FD1074 /* AnimationDemoUITests.xctest */ = {isa = PBXFileReference; explicitFileType = wrapper.cfbundle; includeInIndex = 0; path = AnimationDemoUITests.xctest; sourceTree = BUILT_PRODUCTS_DIR; };
		BFAAA06A21894E1200FD1074 /* AnimationDemoUITests.m */ = {isa = PBXFileReference; lastKnownFileType = sourcecode.c.objc; path = AnimationDemoUITests.m; sourceTree = "<group>"; };
		BFAAA06C21894E1200FD1074 /* Info.plist */ = {isa = PBXFileReference; lastKnownFileType = text.plist.xml; path = Info.plist; sourceTree = "<group>"; };
/* End PBXFileReference section */

/* Begin PBXFrameworksBuildPhase section */
		BFAAA04021894E1200FD1074 /* Frameworks */ = {
			isa = PBXFrameworksBuildPhase;
			buildActionMask = 2147483647;
			files = (
			);
			runOnlyForDeploymentPostprocessing = 0;
		};
		BFAAA05821894E1200FD1074 /* Frameworks */ = {
			isa = PBXFrameworksBuildPhase;
			buildActionMask = 2147483647;
			files = (
			);
			runOnlyForDeploymentPostprocessing = 0;
		};
		BFAAA06321894E1200FD1074 /* Frameworks */ = {
			isa = PBXFrameworksBuildPhase;
			buildActionMask = 2147483647;
			files = (
			);
			runOnlyForDeploymentPostprocessing = 0;
		};
/* End PBXFrameworksBuildPhase section */

/* Begin PBXGroup section */
		BFAAA03A21894E1200FD1074 = {
			isa = PBXGroup;
			children = (
				BFAAA04521894E1200FD1074 /* AnimationDemo */,
				BFAAA05E21894E1200FD1074 /* AnimationDemoTests */,
				BFAAA06921894E1200FD1074 /* AnimationDemoUITests */,
				BFAAA04421894E1200FD1074 /* Products */,
			);
			sourceTree = "<group>";
		};
		BFAAA04421894E1200FD1074 /* Products */ = {
			isa = PBXGroup;
			children = (
				BFAAA04321894E1200FD1074 /* AnimationDemo.app */,
				BFAAA05B21894E1200FD1074 /* AnimationDemoTests.xctest */,
				BFAAA06621894E1200FD1074 /* AnimationDemoUITests.xctest */,
			);
			name = Products;
			sourceTree = "<group>";
		};
		BFAAA04521894E1200FD1074 /* AnimationDemo */ = {
			isa = PBXGroup;
			children = (
				BFAAA04621894E1200FD1074 /* AppDelegate.h */,
				BFAAA04721894E1200FD1074 /* AppDelegate.m */,
				BFAAA04921894E1200FD1074 /* ViewController.h */,
				BFAAA04A21894E1200FD1074 /* ViewController.m */,
				BFAAA04C21894E1200FD1074 /* Main.storyboard */,
				BFAAA04F21894E1200FD1074 /* Assets.xcassets */,
				BFAAA05121894E1200FD1074 /* LaunchScreen.storyboard */,
				BFAAA05421894E1200FD1074 /* Info.plist */,
				BFAAA05521894E1200FD1074 /* main.m */,
			);
			path = AnimationDemo;
			sourceTree = "<group>";
		};
		BFAAA05E21894E1200FD1074 /* AnimationDemoTests */ = {
			isa = PBXGroup;
			children = (
				BFAAA05F21894E1200FD1074 /* AnimationDemoTests.m */,
				BFAAA06121894E1200FD1074 /* Info.plist */,
			);
			path = AnimationDemoTests;
			sourceTree = "<group>";
		};
		BFAAA06921894E1200FD1074 /* AnimationDemoUITests */ = {
			isa = PBXGroup;
			children = (
				BFAAA06A21894E1200FD1074 /* AnimationDemoUITests.m */,
				BFAAA06C21894E1200FD1074 /* Info.plist */,
			);
			path = AnimationDemoUITests;
			sourceTree = "<group>";
		};
/* End PBXGroup section */

/* Begin PBXNativeTarget section */
		BFAAA04221894E1200FD1074 /* AnimationDemo */ = {
			isa = PBXNativeTarget;
			buildConfigurationList = BFAAA06F21894E1200FD1074 /* Build configuration list for PBXNativeTarget "AnimationDemo" */;
			buildPhases = (
				BFAAA03F21894E1200FD1074 /* Sources */,
				BFAAA04021894E1200FD1074 /* Frameworks */,
				BFAAA04121894E1200FD1074 /* Resources */,
			);
			buildRules = (
			);
			dependencies = (
			);
			name = AnimationDemo;
			productName = AnimationDemo;
			productReference = BFAAA04321894E1200FD1074 /* AnimationDemo.app */;
			productType = "com.apple.product-type.application";
		};
		BFAAA05A21894E1200FD1074 /* AnimationDemoTests */ = {
			isa = PBXNativeTarget;
			buildConfigurationList = BFAAA07221894E1200FD1074 /* Build configuration list for PBXNativeTarget "AnimationDemoTests" */;
			buildPhases = (
				BFAAA05721894E1200FD1074 /* Sources */,
				BFAAA05821894E1200FD1074 /* Frameworks */,
				BFAAA05921894E1200FD1074 /* Resources */,
			);
			buildRules = (
			);
			dependencies = (
				BFAAA05D21894E1200FD1074 /* PBXTargetDependency */,
			);
			name = AnimationDemoTests;
			productName = AnimationDemoTests;
			productReference = BFAAA05B21894E1200FD1074 /* AnimationDemoTests.xctest */;
			productType = "com.apple.product-type.bundle.unit-test";
		};
		BFAAA06521894E1200FD1074 /* AnimationDemoUITests */ = {
			isa = PBXNativeTarget;
			buildConfigurationList = BFAAA07521894E1200FD1074 /* Build configuration list for PBXNativeTarget "AnimationDemoUITests" */;
			buildPhases = (
				BFAAA06221894E1200FD1074 /* Sources */,
				BFAAA06321894E1200FD1074 /* Frameworks */,
				BFAAA06421894E1200FD1074 /* Resources */,
			);
			buildRules = (
			);
			dependencies = (
				BFAAA06821894E1200FD1074 /* PBXTargetDependency */,
			);
			name = AnimationDemoUITests;
			productName = AnimationDemoUITests;
			productReference = BFAAA06621894E1200FD1074 /* AnimationDemoUITests.xctest */;
			productType = "com.apple.product-type.bundle.ui-testing";
		};
/* End PBXNativeTarget section */

/* Begin PBXProject section */
		BFAAA03B21894E1200FD1074 /* Project object */ = {
			isa = PBXProject;
			attributes = {
				LastUpgradeCheck = 0920;
				ORGANIZATIONNAME = shenkaiyang;
				TargetAttributes = {
					BFAAA04221894E1200FD1074 = {
						CreatedOnToolsVersion = 9.2;
						ProvisioningStyle = Automatic;
					};
					BFAAA05A21894E1200FD1074 = {
						CreatedOnToolsVersion = 9.2;
						ProvisioningStyle = Automatic;
						TestTargetID = BFAAA04221894E1200FD1074;
					};
					BFAAA06521894E1200FD1074 = {
						CreatedOnToolsVersion = 9.2;
						ProvisioningStyle = Automatic;
						TestTargetID = BFAAA04221894E1200FD1074;
					};
				};
			};
			buildConfigurationList = BFAAA03E21894E1200FD1074 /* Build configuration list for PBXProject "AnimationDemo" */;
			compatibilityVersion = "Xcode 8.0";
			developmentRegion = en;
			hasScannedForEncodings = 0;
			knownRegions = (
				en,
				Base,
			);
			mainGroup = BFAAA03A21894E1200FD1074;
			productRefGroup = BFAAA04421894E1200FD1074 /* Products */;
			projectDirPath = "";
			projectRoot = "";
			targets = (
				BFAAA04221894E1200FD1074 /* AnimationDemo */,
				BFAAA05A21894E1200FD1074 /* AnimationDemoTests */,
				BFAAA06521894E1200FD1074 /* AnimationDemoUITests */,
			);
		};
/* End PBXProject section */

/* Begin PBXResourcesBuildPhase section */
		BFAAA04121894E1200FD1074 /* Resources */ = {
			isa = PBXResourcesBuildPhase;
			buildActionMask = 2147483647;
			files = (
				BFAAA05321894E1200FD1074 /* LaunchScreen.storyboard in Resources */,
				BFAAA05021894E1200FD1074 /* Assets.xcassets in Resources */,
				BFAAA04E21894E1200FD1074 /* Main.storyboard in Resources */,
			);
			runOnlyForDeploymentPostprocessing = 0;
		};
		BFAAA05921894E1200FD1074 /* Resources */ = {
			isa = PBXResourcesBuildPhase;
			buildActionMask = 2147483647;
			files = (
			);
			runOnlyForDeploymentPostprocessing = 0;
		};
		BFAAA06421894E1200FD1074 /* Resources */ = {
			isa = PBXResourcesBuildPhase;
			buildActionMask = 2147483647;
			files = (
			);
			runOnlyForDeploymentPostprocessing = 0;
		};
/* End PBXResourcesBuildPhase section */

/* Begin PBXSourcesBuildPhase section */
		BFAAA03F21894E1200FD1074 /* Sources */ = {
			isa = PBXSourcesBuildPhase;
			buildActionMask = 2147483647;
			files = (
				BFAAA04B21894E1200FD1074 /* ViewController.m in Sources */,
				BFAAA05621894E1200FD1074 /* main.m in Sources */,
				BFAAA04821894E1200FD1074 /* AppDelegate.m in Sources */,
			);
			runOnlyForDeploymentPostprocessing = 0;
		};
		BFAAA05721894E1200FD1074 /* Sources */ = {
			isa = PBXSourcesBuildPhase;
			buildActionMask = 2147483647;
			files = (
				BFAAA06021894E1200FD1074 /* AnimationDemoTests.m in Sources */,
			);
			runOnlyForDeploymentPostprocessing = 0;
		};
		BFAAA06221894E1200FD1074 /* Sources */ = {
			isa = PBXSourcesBuildPhase;
			buildActionMask = 2147483647;
			files = (
				BFAAA06B21894E1200FD1074 /* AnimationDemoUITests.m in Sources */,
			);
			runOnlyForDeploymentPostprocessing = 0;
		};
/* End PBXSourcesBuildPhase section */

/* Begin PBXTargetDependency section */
		BFAAA05D21894E1200FD1074 /* PBXTargetDependency */ = {
			isa = PBXTargetDependency;
			target = BFAAA04221894E1200FD1074 /* AnimationDemo */;
			targetProxy = BFAAA05C21894E1200FD1074 /* PBXContainerItemProxy */;
		};
		BFAAA06821894E1200FD1074 /* PBXTargetDependency */ = {
			isa = PBXTargetDependency;
			target = BFAAA04221894E1200FD1074 /* AnimationDemo */;
			targetProxy = BFAAA06721894E1200FD1074 /* PBXContainerItemProxy */;
		};
/* End PBXTargetDependency section */

/* Begin PBXVariantGroup section */
		BFAAA04C21894E1200FD1074 /* Main.storyboard */ = {
			isa = PBXVariantGroup;
			children = (
				BFAAA04D21894E1200FD1074 /* Base */,
			);
			name = Main.storyboard;
			sourceTree = "<group>";
		};
		BFAAA05121894E1200FD1074 /* LaunchScreen.storyboard */ = {
			isa = PBXVariantGroup;
			children = (
				BFAAA05221894E1200FD1074 /* Base */,
			);
			name = LaunchScreen.storyboard;
			sourceTree = "<group>";
		};
/* End PBXVariantGroup section */

/* Begin XCBuildConfiguration section */
		BFAAA06D21894E1200FD1074 /* Debug */ = {
			isa = XCBuildConfiguration;
			buildSettings = {
				ALWAYS_SEARCH_USER_PATHS = NO;
				CLANG_ANALYZER_NONNULL = YES;
				CLANG_ANALYZER_NUMBER_OBJECT_CONVERSION = YES_AGGRESSIVE;
				CLANG_CXX_LANGUAGE_STANDARD = "gnu++14";
				CLANG_CXX_LIBRARY = "libc++";
				CLANG_ENABLE_MODULES = YES;
				CLANG_ENABLE_OBJC_ARC = YES;
				CLANG_WARN_BLOCK_CAPTURE_AUTORELEASING = YES;
				CLANG_WARN_BOOL_CONVERSION = YES;
				CLANG_WARN_COMMA = YES;
				CLANG_WARN_CONSTANT_CONVERSION = YES;
				CLANG_WARN_DIRECT_OBJC_ISA_USAGE = YES_ERROR;
				CLANG_WARN_DOCUMENTATION_COMMENTS = YES;
				CLANG_WARN_EMPTY_BODY = YES;
				CLANG_WARN_ENUM_CONVERSION = YES;
				CLANG_WARN_INFINITE_RECURSION = YES;
				CLANG_WARN_INT_CONVERSION = YES;
				CLANG_WARN_NON_LITERAL_NULL_CONVERSION = YES;
				CLANG_WARN_OBJC_LITERAL_CONVERSION = YES;
				CLANG_WARN_OBJC_ROOT_CLASS = YES_ERROR;
				CLANG_WARN_RANGE_LOOP_ANALYSIS = YES;
				CLANG_WARN_STRICT_PROTOTYPES = YES;
				CLANG_WARN_SUSPICIOUS_MOVE = YES;
				CLANG_WARN_UNGUARDED_AVAILABILITY = YES_AGGRESSIVE;
				CLANG_WARN_UNREACHABLE_CODE = YES;
				CLANG_WARN__DUPLICATE_METHOD_MATCH = YES;
				CODE_SIGN_IDENTITY = "iPhone Developer";
				COPY_PHASE_STRIP = NO;
				DEBUG_INFORMATION_FORMAT = dwarf;
				ENABLE_STRICT_OBJC_MSGSEND = YES;
				ENABLE_TESTABILITY = YES;
				GCC_C_LANGUAGE_STANDARD = gnu11;
				GCC_DYNAMIC_NO_PIC = NO;
				GCC_NO_COMMON_BLOCKS = YES;
				GCC_OPTIMIZATION_LEVEL = 0;
				GCC_PREPROCESSOR_DEFINITIONS = (
					"DEBUG=1",
					"$(inherited)",
				);
				GCC_WARN_64_TO_32_BIT_CONVERSION = YES;
				GCC_WARN_ABOUT_RETURN_TYPE = YES_ERROR;
				GCC_WARN_UNDECLARED_SELECTOR = YES;
				GCC_WARN_UNINITIALIZED_AUTOS = YES_AGGRESSIVE;
				GCC_WARN_UNUSED_FUNCTION = YES;
				GCC_WARN_UNUSED_VARIABLE = YES;
				IPHONEOS_DEPLOYMENT_TARGET = 11.2;
				MTL_ENABLE_DEBUG_INFO = YES;
				ONLY_ACTIVE_ARCH = YES;
				SDKROOT = iphoneos;
			};
			name = Debug;
		};
		BFAAA06E21894E1200FD1074 /* Release */ = {
			isa = XCBuildConfiguration;
			buildSettings = {
				ALWAYS_SEARCH_USER_PATHS = NO;
				CLANG_ANALYZER_NONNULL = YES;
				CLANG_ANALYZER_NUMBER_OBJECT_CONVERSION = YES_AGGRESSIVE;
				CLANG_CXX_LANGUAGE_STANDARD = "gnu++14";
				CLANG_CXX_LIBRARY = "libc++";
				CLANG_ENABLE_MODULES = YES;
				CLANG_ENABLE_OBJC_ARC = YES;
				CLANG_WARN_BLOCK_CAPTURE_AUTORELEASING = YES;
				CLANG_WARN_BOOL_CONVERSION = YES;
				CLANG_WARN_COMMA = YES;
				CLANG_WARN_CONSTANT_CONVERSION = YES;
				CLANG_WARN_DIRECT_OBJC_ISA_USAGE = YES_ERROR;
				CLANG_WARN_DOCUMENTATION_COMMENTS = YES;
				CLANG_WARN_EMPTY_BODY = YES;
				CLANG_WARN_ENUM_CONVERSION = YES;
				CLANG_WARN_INFINITE_RECURSION = YES;
				CLANG_WARN_INT_CONVERSION = YES;
				CLANG_WARN_NON_LITERAL_NULL_CONVERSION = YES;
				CLANG_WARN_OBJC_LITERAL_CONVERSION = YES;
				CLANG_WARN_OBJC_ROOT_CLASS = YES_ERROR;
				CLANG_WARN_RANGE_LOOP_ANALYSIS = YES;
				CLANG_WARN_STRICT_PROTOTYPES = YES;
				CLANG_WARN_SUSPICIOUS_MOVE = YES;
				CLANG_WARN_UNGUARDED_AVAILABILITY = YES_AGGRESSIVE;
				CLANG_WARN_UNREACHABLE_CODE = YES;
				CLANG_WARN__DUPLICATE_METHOD_MATCH = YES;
				CODE_SIGN_IDENTITY = "iPhone Developer";
				COPY_PHASE_STRIP = NO;
				DEBUG_INFORMATION_FORMAT = "dwarf-with-dsym";
				ENABLE_NS_ASSERTIONS = NO;
				ENABLE_STRICT_OBJC_MSGSEND = YES;
				GCC_C_LANGUAGE_STANDARD = gnu11;
				GCC_NO_COMMON_BLOCKS = YES;
				GCC_WARN_64_TO_32_BIT_CONVERSION = YES;
				GCC_WARN_ABOUT_RETURN_TYPE = YES_ERROR;
				GCC_WARN_UNDECLARED_SELECTOR = YES;
				GCC_WARN_UNINITIALIZED_AUTOS = YES_AGGRESSIVE;
				GCC_WARN_UNUSED_FUNCTION = YES;
				GCC_WARN_UNUSED_VARIABLE = YES;
				IPHONEOS_DEPLOYMENT_TARGET = 11.2;
				MTL_ENABLE_DEBUG_INFO = NO;
				SDKROOT = iphoneos;
				VALIDATE_PRODUCT = YES;
			};
			name = Release;
		};
		BFAAA07021894E1200FD1074 /* Debug */ = {
			isa = XCBuildConfiguration;
			buildSettings = {
				ASSETCATALOG_COMPILER_APPICON_NAME = AppIcon;
				CODE_SIGN_STYLE = Automatic;
				DEVELOPMENT_TEAM = Z7Z9ZXVSJA;
				INFOPLIST_FILE = AnimationDemo/Info.plist;
				IPHONEOS_DEPLOYMENT_TARGET = 9.0;
				LD_RUNPATH_SEARCH_PATHS = "$(inherited) @executable_path/Frameworks";
				PRODUCT_BUNDLE_IDENTIFIER = com.icourt.Draw;
				PRODUCT_NAME = "$(TARGET_NAME)";
				TARGETED_DEVICE_FAMILY = "1,2";
			};
			name = Debug;
		};
		BFAAA07121894E1200FD1074 /* Release */ = {
			isa = XCBuildConfiguration;
			buildSettings = {
				ASSETCATALOG_COMPILER_APPICON_NAME = AppIcon;
				CODE_SIGN_STYLE = Automatic;
				DEVELOPMENT_TEAM = Z7Z9ZXVSJA;
				INFOPLIST_FILE = AnimationDemo/Info.plist;
				IPHONEOS_DEPLOYMENT_TARGET = 9.0;
				LD_RUNPATH_SEARCH_PATHS = "$(inherited) @executable_path/Frameworks";
				PRODUCT_BUNDLE_IDENTIFIER = com.icourt.Draw;
				PRODUCT_NAME = "$(TARGET_NAME)";
				TARGETED_DEVICE_FAMILY = "1,2";
			};
			name = Release;
		};
		BFAAA07321894E1200FD1074 /* Debug */ = {
			isa = XCBuildConfiguration;
			buildSettings = {
				BUNDLE_LOADER = "$(TEST_HOST)";
				CODE_SIGN_STYLE = Automatic;
				DEVELOPMENT_TEAM = 8R4CG5XT74;
				INFOPLIST_FILE = AnimationDemoTests/Info.plist;
				LD_RUNPATH_SEARCH_PATHS = "$(inherited) @executable_path/Frameworks @loader_path/Frameworks";
				PRODUCT_BUNDLE_IDENTIFIER = com.icourt.iCRM.AnimationDemoTests;
				PRODUCT_NAME = "$(TARGET_NAME)";
				TARGETED_DEVICE_FAMILY = "1,2";
				TEST_HOST = "$(BUILT_PRODUCTS_DIR)/AnimationDemo.app/AnimationDemo";
			};
			name = Debug;
		};
		BFAAA07421894E1200FD1074 /* Release */ = {
			isa = XCBuildConfiguration;
			buildSettings = {
				BUNDLE_LOADER = "$(TEST_HOST)";
				CODE_SIGN_STYLE = Automatic;
				DEVELOPMENT_TEAM = 8R4CG5XT74;
				INFOPLIST_FILE = AnimationDemoTests/Info.plist;
				LD_RUNPATH_SEARCH_PATHS = "$(inherited) @executable_path/Frameworks @loader_path/Frameworks";
				PRODUCT_BUNDLE_IDENTIFIER = com.icourt.iCRM.AnimationDemoTests;
				PRODUCT_NAME = "$(TARGET_NAME)";
				TARGETED_DEVICE_FAMILY = "1,2";
				TEST_HOST = "$(BUILT_PRODUCTS_DIR)/AnimationDemo.app/AnimationDemo";
			};
			name = Release;
		};
		BFAAA07621894E1200FD1074 /* Debug */ = {
			isa = XCBuildConfiguration;
			buildSettings = {
				CODE_SIGN_STYLE = Automatic;
				DEVELOPMENT_TEAM = 8R4CG5XT74;
				INFOPLIST_FILE = AnimationDemoUITests/Info.plist;
				LD_RUNPATH_SEARCH_PATHS = "$(inherited) @executable_path/Frameworks @loader_path/Frameworks";
				PRODUCT_BUNDLE_IDENTIFIER = com.icourt.iCRM.AnimationDemoUITests;
				PRODUCT_NAME = "$(TARGET_NAME)";
				TARGETED_DEVICE_FAMILY = "1,2";
				TEST_TARGET_NAME = AnimationDemo;
			};
			name = Debug;
		};
		BFAAA07721894E1200FD1074 /* Release */ = {
			isa = XCBuildConfiguration;
			buildSettings = {
				CODE_SIGN_STYLE = Automatic;
				DEVELOPMENT_TEAM = 8R4CG5XT74;
				INFOPLIST_FILE = AnimationDemoUITests/Info.plist;
				LD_RUNPATH_SEARCH_PATHS = "$(inherited) @executable_path/Frameworks @loader_path/Frameworks";
				PRODUCT_BUNDLE_IDENTIFIER = com.icourt.iCRM.AnimationDemoUITests;
				PRODUCT_NAME = "$(TARGET_NAME)";
				TARGETED_DEVICE_FAMILY = "1,2";
				TEST_TARGET_NAME = AnimationDemo;
			};
			name = Release;
		};
/* End XCBuildConfiguration section */

/* Begin XCConfigurationList section */
		BFAAA03E21894E1200FD1074 /* Build configuration list for PBXProject "AnimationDemo" */ = {
			isa = XCConfigurationList;
			buildConfigurations = (
				BFAAA06D21894E1200FD1074 /* Debug */,
				BFAAA06E21894E1200FD1074 /* Release */,
			);
			defaultConfigurationIsVisible = 0;
			defaultConfigurationName = Release;
		};
		BFAAA06F21894E1200FD1074 /* Build configuration list for PBXNativeTarget "AnimationDemo" */ = {
			isa = XCConfigurationList;
			buildConfigurations = (
				BFAAA07021894E1200FD1074 /* Debug */,
				BFAAA07121894E1200FD1074 /* Release */,
			);
			defaultConfigurationIsVisible = 0;
			defaultConfigurationName = Release;
		};
		BFAAA07221894E1200FD1074 /* Build configuration list for PBXNativeTarget "AnimationDemoTests" */ = {
			isa = XCConfigurationList;
			buildConfigurations = (
				BFAAA07321894E1200FD1074 /* Debug */,
				BFAAA07421894E1200FD1074 /* Release */,
			);
			defaultConfigurationIsVisible = 0;
			defaultConfigurationName = Release;
		};
		BFAAA07521894E1200FD1074 /* Build configuration list for PBXNativeTarget "AnimationDemoUITests" */ = {
			isa = XCConfigurationList;
			buildConfigurations = (
				BFAAA07621894E1200FD1074 /* Debug */,
				BFAAA07721894E1200FD1074 /* Release */,
			);
			defaultConfigurationIsVisible = 0;
			defaultConfigurationName = Release;
		};
/* End XCConfigurationList section */
	};
	rootObject = BFAAA03B21894E1200FD1074 /* Project object */;
}
